{
  "name": "ecsy-harlyq",
  "version": "0.0.1",
  "lockfileVersion": 1,
  "requires": true,
  "dependencies": {
    "cardboard-vr-display": {
      "version": "1.0.18",
      "resolved": "https://registry.npmjs.org/cardboard-vr-display/-/cardboard-vr-display-1.0.18.tgz",
      "integrity": "sha512-G1UEitQBT3pODLnMx37xv9JyZktCBTkwjxS4Vz9KmYL0Ln+Crm/CI7o4WEqAyS6xZjxR3cAvcClou1edX/JUbA==",
      "dev": true,
      "requires": {
        "gl-preserve-state": "^1.0.0",
        "nosleep.js": "^0.7.0",
        "webvr-polyfill-dpdb": "^1.0.17"
      }
    },
    "ecsy": {
      "version": "0.2.3",
      "resolved": "https://registry.npmjs.org/ecsy/-/ecsy-0.2.3.tgz",
      "integrity": "sha512-OAQap3oGQhONBD6IaM0VWXLk8IwEkPu5zUWrW8oSNMfh3jzN4qzZJlDv24QlLgWnK6cYl3hUCn6yOdxRv2Ua3w==",
      "dev": true
    },
    "ecsy-three": {
      "version": "0.0.3",
      "resolved": "https://registry.npmjs.org/ecsy-three/-/ecsy-three-0.0.3.tgz",
      "integrity": "sha512-xfMAGFWC5vABrIgSZYedri8IWy/tlGpSLU7HP7fRaVM8M8yV03ILP3ykUR235NosLOELkNMIJiilDI/dXhFUZg==",
      "dev": true,
      "requires": {
        "ecsy": "^0.2.2",
        "three": "^0.113.2",
        "troika-3d-text": "^0.17.0"
      },
      "dependencies": {
        "three": {
          "version": "0.113.2",
          "resolved": "https://registry.npmjs.org/three/-/three-0.113.2.tgz",
          "integrity": "sha512-x3vrKW41/UtbWbWduWKGlfIc043SvHWr3YltehYq+UGb9YglQ2oztNGvl2eut05JtNSmP11Mh3t6Xak5/0e+Fg==",
          "dev": true
        }
      }
    },
    "gl-matrix": {
      "version": "2.8.1",
      "resolved": "https://registry.npmjs.org/gl-matrix/-/gl-matrix-2.8.1.tgz",
      "integrity": "sha512-0YCjVpE3pS5XWlN3J4X7AiAx65+nqAI54LndtVFnQZB6G/FVLkZH8y8V6R3cIoOQR4pUdfwQGd1iwyoXHJ4Qfw==",
      "dev": true
    },
    "gl-preserve-state": {
      "version": "1.0.0",
      "resolved": "https://registry.npmjs.org/gl-preserve-state/-/gl-preserve-state-1.0.0.tgz",
      "integrity": "sha512-zQZ25l3haD4hvgJZ6C9+s0ebdkW9y+7U2qxvGu1uWOJh8a4RU+jURIKEQhf8elIlFpMH6CrAY2tH0mYrRjet3Q==",
      "dev": true
    },
    "js-tokens": {
      "version": "4.0.0",
      "resolved": "https://registry.npmjs.org/js-tokens/-/js-tokens-4.0.0.tgz",
      "integrity": "sha512-RdJUflcE3cUzKiMqQgsCu06FPu9UdIJO0beYbPhHN4k6apgJtifcoCtT9bcxOpYBtpD2kCM6Sbzg4CausW/PKQ==",
      "dev": true
    },
    "loose-envify": {
      "version": "1.4.0",
      "resolved": "https://registry.npmjs.org/loose-envify/-/loose-envify-1.4.0.tgz",
      "integrity": "sha512-lyuxPGr/Wfhrlem2CL/UcnUc1zcqKAImBDzukY7Y5F/yQiNdko6+fRLevlw1HgMySw7f611UIY408EtxRSoK3Q==",
      "dev": true,
      "requires": {
        "js-tokens": "^3.0.0 || ^4.0.0"
      }
    },
    "nosleep.js": {
      "version": "0.7.0",
      "resolved": "https://registry.npmjs.org/nosleep.js/-/nosleep.js-0.7.0.tgz",
      "integrity": "sha1-z9kZwlUjyg0PSmn7MwXAg62u4ok=",
      "dev": true
    },
    "object-assign": {
      "version": "4.1.1",
      "resolved": "https://registry.npmjs.org/object-assign/-/object-assign-4.1.1.tgz",
      "integrity": "sha1-IQmtx5ZYh8/AXLvUQsrIv7s2CGM=",
      "dev": true
    },
    "prop-types": {
      "version": "15.7.2",
      "resolved": "https://registry.npmjs.org/prop-types/-/prop-types-15.7.2.tgz",
      "integrity": "sha512-8QQikdH7//R2vurIJSutZ1smHYTcLpRWEOlHnzcWHmBYrOGUysKwSsrC89BCiFj3CbrfJ/nXFdJepOVrY1GCHQ==",
      "dev": true,
      "requires": {
        "loose-envify": "^1.4.0",
        "object-assign": "^4.1.1",
        "react-is": "^16.8.1"
      }
    },
    "react-is": {
      "version": "16.13.1",
      "resolved": "https://registry.npmjs.org/react-is/-/react-is-16.13.1.tgz",
      "integrity": "sha512-24e6ynE2H+OKt4kqsOvNd8kBpV65zoxbA4BVsEOB3ARVWQki/DHzaUoC5KuON/BiccDaCCTZBuOcfZs70kR8bQ==",
      "dev": true
    },
    "three": {
      "version": "0.137.0",
      "resolved": "https://registry.npmjs.org/three/-/three-0.137.0.tgz",
      "integrity": "sha512-rzSDhia6cU35UCy6y+zEEws6vSgytfHqFMSaBvUcySgzwvDO6vETyswtSNi/+aVqJw8WLMwyT1mlQQ1T/dxxOA==",
      "dev": true
    },
    "troika-3d": {
      "version": "0.17.1",
      "resolved": "https://registry.npmjs.org/troika-3d/-/troika-3d-0.17.1.tgz",
      "integrity": "sha512-QK0xZjDBPXJQi4KY12VPUDNX4DU7L+nG+etpZLXVyBU+vRD7UDhk6U/dFpqfwL3hVsdBsSLmMmV1Cvm3L5/FXw==",
      "dev": true,
      "requires": {
        "troika-core": "^0.17.1",
        "troika-three-utils": "^0.17.1"
      }
    },
    "troika-3d-text": {
      "version": "0.17.1",
      "resolved": "https://registry.npmjs.org/troika-3d-text/-/troika-3d-text-0.17.1.tgz",
      "integrity": "sha512-HdGv5vC/1mCUMiSLifs/woS0PLwu5AMDy7N1iMmcV6g8BY5fu3qJHytHAgFBTE/1ZwiKN6uSn9vVz90zhNciwA==",
      "dev": true,
      "requires": {
        "troika-3d": "^0.17.1",
        "troika-three-utils": "^0.17.1",
        "troika-worker-utils": "^0.17.1"
      }
    },
    "troika-animation": {
      "version": "0.17.1",
      "resolved": "https://registry.npmjs.org/troika-animation/-/troika-animation-0.17.1.tgz",
      "integrity": "sha512-9EIMQCa0HW1KR3ETtl+pgzGic58YND+gQsbt989HhClsqlkX2MUlRifbBVdNgBgEeXbKJ65IpGmtqBGpU5uRpA==",
      "dev": true
    },
    "troika-core": {
      "version": "0.17.1",
      "resolved": "https://registry.npmjs.org/troika-core/-/troika-core-0.17.1.tgz",
      "integrity": "sha512-01oYkXwyvLuYoLwkQ2ZrYRiuUITnhzu/pIlNCMotesBVJQUsIn0E+kWaf/lRiOm8+6EoVJ3AQPakbeddSSYxfg==",
      "dev": true,
      "requires": {
        "prop-types": "^15.6.2",
        "troika-animation": "^0.17.1"
      }
    },
    "troika-three-utils": {
      "version": "0.17.1",
      "resolved": "https://registry.npmjs.org/troika-three-utils/-/troika-three-utils-0.17.1.tgz",
      "integrity": "sha512-A46b6/1ZZu7qNnN3379oDqYQkMoOf0GF2Iz4nRfHPUQqDPOM37Uo3sCqPjvOksGBC3jBAjjSrHFESmYkD9Kkwg==",
      "dev": true
    },
    "troika-worker-utils": {
      "version": "0.17.1",
      "resolved": "https://registry.npmjs.org/troika-worker-utils/-/troika-worker-utils-0.17.1.tgz",
      "integrity": "sha512-1Bw3lQOuuyL9ugDaS1iq3TSsI6uKGY3781HCwx1uRy/ccQwbL+YwWulXjt4e8+Ap9zcau8PhrD4Mg7qynTxsKg==",
      "dev": true
    },
    "webvr-polyfill-dpdb": {
      "version": "1.0.17",
      "resolved": "https://registry.npmjs.org/webvr-polyfill-dpdb/-/webvr-polyfill-dpdb-1.0.17.tgz",
      "integrity": "sha512-WOd4s0gSrb0fOlOtIpqFbwLBATax/ka7DFAB/u+C9KJBBJk1/x/FZlFynOqsNrUxMJniOdO7ViFJwVdMScMQzA==",
      "dev": true
    },
    "webxr-polyfill": {
      "version": "2.0.2",
      "resolved": "https://registry.npmjs.org/webxr-polyfill/-/webxr-polyfill-2.0.2.tgz",
      "integrity": "sha512-FFoe0AsaMaZUwUzXaWvOkTjkZmF29FrBNSnjIW4ctTZ+1aFx+hJSn/e/JexA77KdmvP3afyVy55GVZeB/9PsNA==",
      "dev": true,
      "requires": {
        "cardboard-vr-display": "^1.0.18",
        "gl-matrix": "^2.8.1"
      }
    }
  }
}
